
Microsoft Visual Studio Solution File, Format Version 12.00
# Visual Studio Version 16
VisualStudioVersion = 16.0.29409.12
MinimumVisualStudioVersion = 10.0.40219.1
Project("{FAE04EC0-301F-11D3-BF4B-00C04F79EFBC}") = "COMBOBOX ÖRNEK UYG.4", "COMBOBOX ÖRNEK UYG.4\COMBOBOX ÖRNEK UYG.4.csproj", "{AFA90CDA-1EFE-42BD-8AEF-82B5D8CABD69}"
EndProject
Global
	GlobalSection(SolutionConfigurationPlatforms) = preSolution
		Debug|Any CPU = Debug|Any CPU
		Release|Any CPU = Release|Any CPU
	EndGlobalSection
	GlobalSection(ProjectConfigurationPlatforms) = postSolution
		{AFA90CDA-1EFE-42BD-8AEF-82B5D8CABD69}.Debug|Any CPU.ActiveCfg = Debug|Any CPU
		{AFA90CDA-1EFE-42BD-8AEF-82B5D8CABD69}.Debug|Any CPU.Build.0 = Debug|Any CPU
		{AFA90CDA-1EFE-42BD-8AEF-82B5D8CABD69}.Release|Any CPU.ActiveCfg = Release|Any CPU
		{AFA90CDA-1EFE-42BD-8AEF-82B5D8CABD69}.Release|Any CPU.Build.0 = Release|Any CPU
	EndGlobalSection
	GlobalSection(SolutionProperties) = preSolution
		HideSolutionNode = FALSE
	EndGlobalSection
	GlobalSection(ExtensibilityGlobals) = postSolution
		SolutionGuid = {80EB16CA-3E04-4E7B-BE36-9435C0BCFD29}
	EndGlobalSection
EndGlobal
